
Microsoft Visual Studio Solution File, Format Version 12.00
# Visual Studio 2012
Project("{FAE04EC0-301F-11D3-BF4B-00C04F79EFBC}") = "TTSHWeb", "TTSHWeb.csproj", "{571A99A6-09DB-4E4D-8E40-4445DDE0BBC8}"
EndProject
Global
	GlobalSection(TeamFoundationVersionControl) = preSolution
		SccNumberOfProjects = 2
		SccEnterpriseProvider = {4CA58AB2-18FA-4F8D-95D4-32DDF27D184C}
		SccTeamFoundationServer = http://192.168.0.108:8080/tfs/rsin_tfs
		SccLocalPath0 = .
		SccProjectUniqueName1 = TTSHWeb.csproj
		SccLocalPath1 = .
	EndGlobalSection
	GlobalSection(SolutionConfigurationPlatforms) = preSolution
		Debug|Any CPU = Debug|Any CPU
		Release|Any CPU = Release|Any CPU
	EndGlobalSection
	GlobalSection(ProjectConfigurationPlatforms) = postSolution
		{571A99A6-09DB-4E4D-8E40-4445DDE0BBC8}.Debug|Any CPU.ActiveCfg = Debug|Any CPU
		{571A99A6-09DB-4E4D-8E40-4445DDE0BBC8}.Debug|Any CPU.Build.0 = Debug|Any CPU
		{571A99A6-09DB-4E4D-8E40-4445DDE0BBC8}.Release|Any CPU.ActiveCfg = Release|Any CPU
		{571A99A6-09DB-4E4D-8E40-4445DDE0BBC8}.Release|Any CPU.Build.0 = Release|Any CPU
	EndGlobalSection
	GlobalSection(SolutionProperties) = preSolution
		HideSolutionNode = FALSE
	EndGlobalSection
EndGlobal
